// !$*UTF8*$!
{
	archiveVersion = 1;
	classes = {
	};
	objectVersion = 50;
	objects = {

/* Begin PBXBuildFile section */
		ABF2FF13271EFEAB00CEBBFE /* AppDelegate.swift in Sources */ = {isa = PBXBuildFile; fileRef = ABF2FF12271EFEAB00CEBBFE /* AppDelegate.swift */; };
		ABF2FF15271EFEAB00CEBBFE /* SceneDelegate.swift in Sources */ = {isa = PBXBuildFile; fileRef = ABF2FF14271EFEAB00CEBBFE /* SceneDelegate.swift */; };
		ABF2FF17271EFEAB00CEBBFE /* MainViewController.swift in Sources */ = {isa = PBXBuildFile; fileRef = ABF2FF16271EFEAB00CEBBFE /* MainViewController.swift */; };
		ABF2FF1A271EFEAB00CEBBFE /* Main.storyboard in Resources */ = {isa = PBXBuildFile; fileRef = ABF2FF18271EFEAB00CEBBFE /* Main.storyboard */; };
		ABF2FF1C271EFEAD00CEBBFE /* Assets.xcassets in Resources */ = {isa = PBXBuildFile; fileRef = ABF2FF1B271EFEAD00CEBBFE /* Assets.xcassets */; };
		ABF2FF1F271EFEAD00CEBBFE /* LaunchScreen.storyboard in Resources */ = {isa = PBXBuildFile; fileRef = ABF2FF1D271EFEAD00CEBBFE /* LaunchScreen.storyboard */; };
		ABF2FF2C271F08FB00CEBBFE /* CustomTextField.swift in Sources */ = {isa = PBXBuildFile; fileRef = ABF2FF2B271F08FB00CEBBFE /* CustomTextField.swift */; };
		ABF2FF31271F3E5E00CEBBFE /* SplashCollectionViewCell.swift in Sources */ = {isa = PBXBuildFile; fileRef = ABF2FF2F271F3E5E00CEBBFE /* SplashCollectionViewCell.swift */; };
		ABF2FF32271F3E5E00CEBBFE /* SplashCollectionViewCell.xib in Resources */ = {isa = PBXBuildFile; fileRef = ABF2FF30271F3E5E00CEBBFE /* SplashCollectionViewCell.xib */; };
		ABF2FF34271F3E7E00CEBBFE /* SplashViewController.swift in Sources */ = {isa = PBXBuildFile; fileRef = ABF2FF33271F3E7E00CEBBFE /* SplashViewController.swift */; };
		ABF2FF37271F475D00CEBBFE /* SplashModel.swift in Sources */ = {isa = PBXBuildFile; fileRef = ABF2FF36271F475D00CEBBFE /* SplashModel.swift */; };
/* End PBXBuildFile section */

/* Begin PBXFileReference section */
		ABF2FF0F271EFEAB00CEBBFE /* WeSportsRenter.app */ = {isa = PBXFileReference; explicitFileType = wrapper.application; includeInIndex = 0; path = WeSportsRenter.app; sourceTree = BUILT_PRODUCTS_DIR; };
		ABF2FF12271EFEAB00CEBBFE /* AppDelegate.swift */ = {isa = PBXFileReference; lastKnownFileType = sourcecode.swift; path = AppDelegate.swift; sourceTree = "<group>"; };
		ABF2FF14271EFEAB00CEBBFE /* SceneDelegate.swift */ = {isa = PBXFileReference; lastKnownFileType = sourcecode.swift; path = SceneDelegate.swift; sourceTree = "<group>"; };
		ABF2FF16271EFEAB00CEBBFE /* MainViewController.swift */ = {isa = PBXFileReference; lastKnownFileType = sourcecode.swift; path = MainViewController.swift; sourceTree = "<group>"; };
		ABF2FF19271EFEAB00CEBBFE /* Base */ = {isa = PBXFileReference; lastKnownFileType = file.storyboard; name = Base; path = Base.lproj/Main.storyboard; sourceTree = "<group>"; };
		ABF2FF1B271EFEAD00CEBBFE /* Assets.xcassets */ = {isa = PBXFileReference; lastKnownFileType = folder.assetcatalog; path = Assets.xcassets; sourceTree = "<group>"; };
		ABF2FF1E271EFEAD00CEBBFE /* Base */ = {isa = PBXFileReference; lastKnownFileType = file.storyboard; name = Base; path = Base.lproj/LaunchScreen.storyboard; sourceTree = "<group>"; };
		ABF2FF20271EFEAD00CEBBFE /* Info.plist */ = {isa = PBXFileReference; lastKnownFileType = text.plist.xml; path = Info.plist; sourceTree = "<group>"; };
		ABF2FF2B271F08FB00CEBBFE /* CustomTextField.swift */ = {isa = PBXFileReference; lastKnownFileType = sourcecode.swift; path = CustomTextField.swift; sourceTree = "<group>"; };
		ABF2FF2F271F3E5E00CEBBFE /* SplashCollectionViewCell.swift */ = {isa = PBXFileReference; lastKnownFileType = sourcecode.swift; path = SplashCollectionViewCell.swift; sourceTree = "<group>"; };
		ABF2FF30271F3E5E00CEBBFE /* SplashCollectionViewCell.xib */ = {isa = PBXFileReference; lastKnownFileType = file.xib; path = SplashCollectionViewCell.xib; sourceTree = "<group>"; };
		ABF2FF33271F3E7E00CEBBFE /* SplashViewController.swift */ = {isa = PBXFileReference; lastKnownFileType = sourcecode.swift; path = SplashViewController.swift; sourceTree = "<group>"; };
		ABF2FF36271F475D00CEBBFE /* SplashModel.swift */ = {isa = PBXFileReference; lastKnownFileType = sourcecode.swift; path = SplashModel.swift; sourceTree = "<group>"; };
/* End PBXFileReference section */

/* Begin PBXFrameworksBuildPhase section */
		ABF2FF0C271EFEAB00CEBBFE /* Frameworks */ = {
			isa = PBXFrameworksBuildPhase;
			buildActionMask = 2147483647;
			files = (
			);
			runOnlyForDeploymentPostprocessing = 0;
		};
/* End PBXFrameworksBuildPhase section */

/* Begin PBXGroup section */
		ABF2FF06271EFEAB00CEBBFE = {
			isa = PBXGroup;
			children = (
				ABF2FF11271EFEAB00CEBBFE /* WeSportsRenter */,
				ABF2FF10271EFEAB00CEBBFE /* Products */,
			);
			sourceTree = "<group>";
		};
		ABF2FF10271EFEAB00CEBBFE /* Products */ = {
			isa = PBXGroup;
			children = (
				ABF2FF0F271EFEAB00CEBBFE /* WeSportsRenter.app */,
			);
			name = Products;
			sourceTree = "<group>";
		};
		ABF2FF11271EFEAB00CEBBFE /* WeSportsRenter */ = {
			isa = PBXGroup;
			children = (
				ABF2FF26271F00E800CEBBFE /* AppDelegate */,
				ABF2FF29271F010300CEBBFE /* Model */,
				ABF2FF28271F00FD00CEBBFE /* View */,
				ABF2FF27271F00F500CEBBFE /* Controller */,
				ABF2FF18271EFEAB00CEBBFE /* Main.storyboard */,
				ABF2FF1B271EFEAD00CEBBFE /* Assets.xcassets */,
				ABF2FF1D271EFEAD00CEBBFE /* LaunchScreen.storyboard */,
				ABF2FF20271EFEAD00CEBBFE /* Info.plist */,
			);
			path = WeSportsRenter;
			sourceTree = "<group>";
		};
		ABF2FF26271F00E800CEBBFE /* AppDelegate */ = {
			isa = PBXGroup;
			children = (
				ABF2FF12271EFEAB00CEBBFE /* AppDelegate.swift */,
				ABF2FF14271EFEAB00CEBBFE /* SceneDelegate.swift */,
			);
			path = AppDelegate;
			sourceTree = "<group>";
		};
		ABF2FF27271F00F500CEBBFE /* Controller */ = {
			isa = PBXGroup;
			children = (
				ABF2FF16271EFEAB00CEBBFE /* MainViewController.swift */,
				ABF2FF33271F3E7E00CEBBFE /* SplashViewController.swift */,
			);
			path = Controller;
			sourceTree = "<group>";
		};
		ABF2FF28271F00FD00CEBBFE /* View */ = {
			isa = PBXGroup;
			children = (
				ABF2FF2D271F3C8700CEBBFE /* Cell */,
				ABF2FF2B271F08FB00CEBBFE /* CustomTextField.swift */,
			);
			path = View;
			sourceTree = "<group>";
		};
		ABF2FF29271F010300CEBBFE /* Model */ = {
			isa = PBXGroup;
			children = (
				ABF2FF36271F475D00CEBBFE /* SplashModel.swift */,
			);
			path = Model;
			sourceTree = "<group>";
		};
		ABF2FF2D271F3C8700CEBBFE /* Cell */ = {
			isa = PBXGroup;
			children = (
				ABF2FF2E271F3C9000CEBBFE /* CollectionViewCell */,
			);
			path = Cell;
			sourceTree = "<group>";
		};
		ABF2FF2E271F3C9000CEBBFE /* CollectionViewCell */ = {
			isa = PBXGroup;
			children = (
				ABF2FF2F271F3E5E00CEBBFE /* SplashCollectionViewCell.swift */,
				ABF2FF30271F3E5E00CEBBFE /* SplashCollectionViewCell.xib */,
			);
			path = CollectionViewCell;
			sourceTree = "<group>";
		};
/* End PBXGroup section */

/* Begin PBXNativeTarget section */
		ABF2FF0E271EFEAB00CEBBFE /* WeSportsRenter */ = {
			isa = PBXNativeTarget;
			buildConfigurationList = ABF2FF23271EFEAD00CEBBFE /* Build configuration list for PBXNativeTarget "WeSportsRenter" */;
			buildPhases = (
				ABF2FF0B271EFEAB00CEBBFE /* Sources */,
				ABF2FF0C271EFEAB00CEBBFE /* Frameworks */,
				ABF2FF0D271EFEAB00CEBBFE /* Resources */,
			);
			buildRules = (
			);
			dependencies = (
			);
			name = WeSportsRenter;
			productName = WeSportsRenter;
			productReference = ABF2FF0F271EFEAB00CEBBFE /* WeSportsRenter.app */;
			productType = "com.apple.product-type.application";
		};
/* End PBXNativeTarget section */

/* Begin PBXProject section */
		ABF2FF07271EFEAB00CEBBFE /* Project object */ = {
			isa = PBXProject;
			attributes = {
				LastSwiftUpdateCheck = 1250;
				LastUpgradeCheck = 1250;
				TargetAttributes = {
					ABF2FF0E271EFEAB00CEBBFE = {
						CreatedOnToolsVersion = 12.5.1;
					};
				};
			};
			buildConfigurationList = ABF2FF0A271EFEAB00CEBBFE /* Build configuration list for PBXProject "WeSportsRenter" */;
			compatibilityVersion = "Xcode 9.3";
			developmentRegion = en;
			hasScannedForEncodings = 0;
			knownRegions = (
				en,
				Base,
			);
			mainGroup = ABF2FF06271EFEAB00CEBBFE;
			productRefGroup = ABF2FF10271EFEAB00CEBBFE /* Products */;
			projectDirPath = "";
			projectRoot = "";
			targets = (
				ABF2FF0E271EFEAB00CEBBFE /* WeSportsRenter */,
			);
		};
/* End PBXProject section */

/* Begin PBXResourcesBuildPhase section */
		ABF2FF0D271EFEAB00CEBBFE /* Resources */ = {
			isa = PBXResourcesBuildPhase;
			buildActionMask = 2147483647;
			files = (
				ABF2FF1F271EFEAD00CEBBFE /* LaunchScreen.storyboard in Resources */,
				ABF2FF1C271EFEAD00CEBBFE /* Assets.xcassets in Resources */,
				ABF2FF1A271EFEAB00CEBBFE /* Main.storyboard in Resources */,
				ABF2FF32271F3E5E00CEBBFE /* SplashCollectionViewCell.xib in Resources */,
			);
			runOnlyForDeploymentPostprocessing = 0;
		};
/* End PBXResourcesBuildPhase section */

/* Begin PBXSourcesBuildPhase section */
		ABF2FF0B271EFEAB00CEBBFE /* Sources */ = {
			isa = PBXSourcesBuildPhase;
			buildActionMask = 2147483647;
			files = (
				ABF2FF31271F3E5E00CEBBFE /* SplashCollectionViewCell.swift in Sources */,
				ABF2FF2C271F08FB00CEBBFE /* CustomTextField.swift in Sources */,
				ABF2FF17271EFEAB00CEBBFE /* MainViewController.swift in Sources */,
				ABF2FF34271F3E7E00CEBBFE /* SplashViewController.swift in Sources */,
				ABF2FF37271F475D00CEBBFE /* SplashModel.swift in Sources */,
				ABF2FF13271EFEAB00CEBBFE /* AppDelegate.swift in Sources */,
				ABF2FF15271EFEAB00CEBBFE /* SceneDelegate.swift in Sources */,
			);
			runOnlyForDeploymentPostprocessing = 0;
		};
/* End PBXSourcesBuildPhase section */

/* Begin PBXVariantGroup section */
		ABF2FF18271EFEAB00CEBBFE /* Main.storyboard */ = {
			isa = PBXVariantGroup;
			children = (
				ABF2FF19271EFEAB00CEBBFE /* Base */,
			);
			name = Main.storyboard;
			sourceTree = "<group>";
		};
		ABF2FF1D271EFEAD00CEBBFE /* LaunchScreen.storyboard */ = {
			isa = PBXVariantGroup;
			children = (
				ABF2FF1E271EFEAD00CEBBFE /* Base */,
			);
			name = LaunchScreen.storyboard;
			sourceTree = "<group>";
		};
/* End PBXVariantGroup section */

/* Begin XCBuildConfiguration section */
		ABF2FF21271EFEAD00CEBBFE /* Debug */ = {
			isa = XCBuildConfiguration;
			buildSettings = {
				ALWAYS_SEARCH_USER_PATHS = NO;
				CLANG_ANALYZER_NONNULL = YES;
				CLANG_ANALYZER_NUMBER_OBJECT_CONVERSION = YES_AGGRESSIVE;
				CLANG_CXX_LANGUAGE_STANDARD = "gnu++14";
				CLANG_CXX_LIBRARY = "libc++";
				CLANG_ENABLE_MODULES = YES;
				CLANG_ENABLE_OBJC_ARC = YES;
				CLANG_ENABLE_OBJC_WEAK = YES;
				CLANG_WARN_BLOCK_CAPTURE_AUTORELEASING = YES;
				CLANG_WARN_BOOL_CONVERSION = YES;
				CLANG_WARN_COMMA = YES;
				CLANG_WARN_CONSTANT_CONVERSION = YES;
				CLANG_WARN_DEPRECATED_OBJC_IMPLEMENTATIONS = YES;
				CLANG_WARN_DIRECT_OBJC_ISA_USAGE = YES_ERROR;
				CLANG_WARN_DOCUMENTATION_COMMENTS = YES;
				CLANG_WARN_EMPTY_BODY = YES;
				CLANG_WARN_ENUM_CONVERSION = YES;
				CLANG_WARN_INFINITE_RECURSION = YES;
				CLANG_WARN_INT_CONVERSION = YES;
				CLANG_WARN_NON_LITERAL_NULL_CONVERSION = YES;
				CLANG_WARN_OBJC_IMPLICIT_RETAIN_SELF = YES;
				CLANG_WARN_OBJC_LITERAL_CONVERSION = YES;
				CLANG_WARN_OBJC_ROOT_CLASS = YES_ERROR;
				CLANG_WARN_QUOTED_INCLUDE_IN_FRAMEWORK_HEADER = YES;
				CLANG_WARN_RANGE_LOOP_ANALYSIS = YES;
				CLANG_WARN_STRICT_PROTOTYPES = YES;
				CLANG_WARN_SUSPICIOUS_MOVE = YES;
				CLANG_WARN_UNGUARDED_AVAILABILITY = YES_AGGRESSIVE;
				CLANG_WARN_UNREACHABLE_CODE = YES;
				CLANG_WARN__DUPLICATE_METHOD_MATCH = YES;
				COPY_PHASE_STRIP = NO;
				DEBUG_INFORMATION_FORMAT = dwarf;
				ENABLE_STRICT_OBJC_MSGSEND = YES;
				ENABLE_TESTABILITY = YES;
				GCC_C_LANGUAGE_STANDARD = gnu11;
				GCC_DYNAMIC_NO_PIC = NO;
				GCC_NO_COMMON_BLOCKS = YES;
				GCC_OPTIMIZATION_LEVEL = 0;
				GCC_PREPROCESSOR_DEFINITIONS = (
					"DEBUG=1",
					"$(inherited)",
				);
				GCC_WARN_64_TO_32_BIT_CONVERSION = YES;
				GCC_WARN_ABOUT_RETURN_TYPE = YES_ERROR;
				GCC_WARN_UNDECLARED_SELECTOR = YES;
				GCC_WARN_UNINITIALIZED_AUTOS = YES_AGGRESSIVE;
				GCC_WARN_UNUSED_FUNCTION = YES;
				GCC_WARN_UNUSED_VARIABLE = YES;
				IPHONEOS_DEPLOYMENT_TARGET = 14.5;
				MTL_ENABLE_DEBUG_INFO = INCLUDE_SOURCE;
				MTL_FAST_MATH = YES;
				ONLY_ACTIVE_ARCH = YES;
				SDKROOT = iphoneos;
				SWIFT_ACTIVE_COMPILATION_CONDITIONS = DEBUG;
				SWIFT_OPTIMIZATION_LEVEL = "-Onone";
			};
			name = Debug;
		};
		ABF2FF22271EFEAD00CEBBFE /* Release */ = {
			isa = XCBuildConfiguration;
			buildSettings = {
				ALWAYS_SEARCH_USER_PATHS = NO;
				CLANG_ANALYZER_NONNULL = YES;
				CLANG_ANALYZER_NUMBER_OBJECT_CONVERSION = YES_AGGRESSIVE;
				CLANG_CXX_LANGUAGE_STANDARD = "gnu++14";
				CLANG_CXX_LIBRARY = "libc++";
				CLANG_ENABLE_MODULES = YES;
				CLANG_ENABLE_OBJC_ARC = YES;
				CLANG_ENABLE_OBJC_WEAK = YES;
				CLANG_WARN_BLOCK_CAPTURE_AUTORELEASING = YES;
				CLANG_WARN_BOOL_CONVERSION = YES;
				CLANG_WARN_COMMA = YES;
				CLANG_WARN_CONSTANT_CONVERSION = YES;
				CLANG_WARN_DEPRECATED_OBJC_IMPLEMENTATIONS = YES;
				CLANG_WARN_DIRECT_OBJC_ISA_USAGE = YES_ERROR;
				CLANG_WARN_DOCUMENTATION_COMMENTS = YES;
				CLANG_WARN_EMPTY_BODY = YES;
				CLANG_WARN_ENUM_CONVERSION = YES;
				CLANG_WARN_INFINITE_RECURSION = YES;
				CLANG_WARN_INT_CONVERSION = YES;
				CLANG_WARN_NON_LITERAL_NULL_CONVERSION = YES;
				CLANG_WARN_OBJC_IMPLICIT_RETAIN_SELF = YES;
				CLANG_WARN_OBJC_LITERAL_CONVERSION = YES;
				CLANG_WARN_OBJC_ROOT_CLASS = YES_ERROR;
				CLANG_WARN_QUOTED_INCLUDE_IN_FRAMEWORK_HEADER = YES;
				CLANG_WARN_RANGE_LOOP_ANALYSIS = YES;
				CLANG_WARN_STRICT_PROTOTYPES = YES;
				CLANG_WARN_SUSPICIOUS_MOVE = YES;
				CLANG_WARN_UNGUARDED_AVAILABILITY = YES_AGGRESSIVE;
				CLANG_WARN_UNREACHABLE_CODE = YES;
				CLANG_WARN__DUPLICATE_METHOD_MATCH = YES;
				COPY_PHASE_STRIP = NO;
				DEBUG_INFORMATION_FORMAT = "dwarf-with-dsym";
				ENABLE_NS_ASSERTIONS = NO;
				ENABLE_STRICT_OBJC_MSGSEND = YES;
				GCC_C_LANGUAGE_STANDARD = gnu11;
				GCC_NO_COMMON_BLOCKS = YES;
				GCC_WARN_64_TO_32_BIT_CONVERSION = YES;
				GCC_WARN_ABOUT_RETURN_TYPE = YES_ERROR;
				GCC_WARN_UNDECLARED_SELECTOR = YES;
				GCC_WARN_UNINITIALIZED_AUTOS = YES_AGGRESSIVE;
				GCC_WARN_UNUSED_FUNCTION = YES;
				GCC_WARN_UNUSED_VARIABLE = YES;
				IPHONEOS_DEPLOYMENT_TARGET = 14.5;
				MTL_ENABLE_DEBUG_INFO = NO;
				MTL_FAST_MATH = YES;
				SDKROOT = iphoneos;
				SWIFT_COMPILATION_MODE = wholemodule;
				SWIFT_OPTIMIZATION_LEVEL = "-O";
				VALIDATE_PRODUCT = YES;
			};
			name = Release;
		};
		ABF2FF24271EFEAD00CEBBFE /* Debug */ = {
			isa = XCBuildConfiguration;
			buildSettings = {
				ASSETCATALOG_COMPILER_APPICON_NAME = AppIcon;
				ASSETCATALOG_COMPILER_GLOBAL_ACCENT_COLOR_NAME = AccentColor;
				CODE_SIGN_STYLE = Automatic;
				INFOPLIST_FILE = WeSportsRenter/Info.plist;
				LD_RUNPATH_SEARCH_PATHS = (
					"$(inherited)",
					"@executable_path/Frameworks",
				);
				PRODUCT_BUNDLE_IDENTIFIER = learning.basic.WeSportsRenter;
				PRODUCT_NAME = "$(TARGET_NAME)";
				SWIFT_VERSION = 5.0;
				TARGETED_DEVICE_FAMILY = "1,2";
			};
			name = Debug;
		};
		ABF2FF25271EFEAD00CEBBFE /* Release */ = {
			isa = XCBuildConfiguration;
			buildSettings = {
				ASSETCATALOG_COMPILER_APPICON_NAME = AppIcon;
				ASSETCATALOG_COMPILER_GLOBAL_ACCENT_COLOR_NAME = AccentColor;
				CODE_SIGN_STYLE = Automatic;
				INFOPLIST_FILE = WeSportsRenter/Info.plist;
				LD_RUNPATH_SEARCH_PATHS = (
					"$(inherited)",
					"@executable_path/Frameworks",
				);
				PRODUCT_BUNDLE_IDENTIFIER = learning.basic.WeSportsRenter;
				PRODUCT_NAME = "$(TARGET_NAME)";
				SWIFT_VERSION = 5.0;
				TARGETED_DEVICE_FAMILY = "1,2";
			};
			name = Release;
		};
/* End XCBuildConfiguration section */

/* Begin XCConfigurationList section */
		ABF2FF0A271EFEAB00CEBBFE /* Build configuration list for PBXProject "WeSportsRenter" */ = {
			isa = XCConfigurationList;
			buildConfigurations = (
				ABF2FF21271EFEAD00CEBBFE /* Debug */,
				ABF2FF22271EFEAD00CEBBFE /* Release */,
			);
			defaultConfigurationIsVisible = 0;
			defaultConfigurationName = Release;
		};
		ABF2FF23271EFEAD00CEBBFE /* Build configuration list for PBXNativeTarget "WeSportsRenter" */ = {
			isa = XCConfigurationList;
			buildConfigurations = (
				ABF2FF24271EFEAD00CEBBFE /* Debug */,
				ABF2FF25271EFEAD00CEBBFE /* Release */,
			);
			defaultConfigurationIsVisible = 0;
			defaultConfigurationName = Release;
		};
/* End XCConfigurationList section */
	};
	rootObject = ABF2FF07271EFEAB00CEBBFE /* Project object */;
}
